{
  "requires": true,
  "lockfileVersion": 1,
  "dependencies": {
    "rword": {
      "version": "3.2.1",
      "resolved": "https://registry.npmjs.org/rword/-/rword-3.2.1.tgz",
      "integrity": "sha512-E1PhzHCM8enXQJoVv0ZKvqMNojkbRqMsv66pD0P4mRl1imb+0g+3Q19CtXobZIqOhi3zNZi1br//U87vc/s6OA=="
    }
  }
}
